
Microsoft Visual Studio Solution File, Format Version 12.00
# Visual Studio Version 17
VisualStudioVersion = 17.3.32901.215
MinimumVisualStudioVersion = 10.0.40219.1
Project("{FAE04EC0-301F-11D3-BF4B-00C04F79EFBC}") = "OOP_ITEA", "OOP_ITEA\OOP_ITEA.csproj", "{830530D1-9D4D-4853-9A45-0FE7A8066173}"
EndProject
Global
	GlobalSection(SolutionConfigurationPlatforms) = preSolution
		Debug|Any CPU = Debug|Any CPU
		Release|Any CPU = Release|Any CPU
	EndGlobalSection
	GlobalSection(ProjectConfigurationPlatforms) = postSolution
		{830530D1-9D4D-4853-9A45-0FE7A8066173}.Debug|Any CPU.ActiveCfg = Debug|Any CPU
		{830530D1-9D4D-4853-9A45-0FE7A8066173}.Debug|Any CPU.Build.0 = Debug|Any CPU
		{830530D1-9D4D-4853-9A45-0FE7A8066173}.Release|Any CPU.ActiveCfg = Release|Any CPU
		{830530D1-9D4D-4853-9A45-0FE7A8066173}.Release|Any CPU.Build.0 = Release|Any CPU
	EndGlobalSection
	GlobalSection(SolutionProperties) = preSolution
		HideSolutionNode = FALSE
	EndGlobalSection
	GlobalSection(ExtensibilityGlobals) = postSolution
		SolutionGuid = {A635E0E4-948D-4809-A6B8-AF8110E107A8}
	EndGlobalSection
EndGlobal
