
Microsoft Visual Studio Solution File, Format Version 12.00
# Visual Studio Version 17
VisualStudioVersion = 17.3.32901.215
MinimumVisualStudioVersion = 10.0.40219.1
Project("{FAE04EC0-301F-11D3-BF4B-00C04F79EFBC}") = "ConsoleApp9", "ConsoleApp9\ConsoleApp9.csproj", "{11010833-B55B-487A-85C0-2E36A2977040}"
EndProject
Global
	GlobalSection(SolutionConfigurationPlatforms) = preSolution
		Debug|Any CPU = Debug|Any CPU
		Release|Any CPU = Release|Any CPU
	EndGlobalSection
	GlobalSection(ProjectConfigurationPlatforms) = postSolution
		{11010833-B55B-487A-85C0-2E36A2977040}.Debug|Any CPU.ActiveCfg = Debug|Any CPU
		{11010833-B55B-487A-85C0-2E36A2977040}.Debug|Any CPU.Build.0 = Debug|Any CPU
		{11010833-B55B-487A-85C0-2E36A2977040}.Release|Any CPU.ActiveCfg = Release|Any CPU
		{11010833-B55B-487A-85C0-2E36A2977040}.Release|Any CPU.Build.0 = Release|Any CPU
	EndGlobalSection
	GlobalSection(SolutionProperties) = preSolution
		HideSolutionNode = FALSE
	EndGlobalSection
	GlobalSection(ExtensibilityGlobals) = postSolution
		SolutionGuid = {DCE10DF1-78FF-47C3-88E3-B71484562EFE}
	EndGlobalSection
EndGlobal
