
Microsoft Visual Studio Solution File, Format Version 12.00
# Visual Studio Version 17
VisualStudioVersion = 17.3.32901.215
MinimumVisualStudioVersion = 10.0.40219.1
Project("{FAE04EC0-301F-11D3-BF4B-00C04F79EFBC}") = "ConsoleApp3", "ConsoleApp3\ConsoleApp3.csproj", "{B5797AFA-FA20-4CF6-9B53-98C2F711CA12}"
EndProject
Global
	GlobalSection(SolutionConfigurationPlatforms) = preSolution
		Debug|Any CPU = Debug|Any CPU
		Release|Any CPU = Release|Any CPU
	EndGlobalSection
	GlobalSection(ProjectConfigurationPlatforms) = postSolution
		{B5797AFA-FA20-4CF6-9B53-98C2F711CA12}.Debug|Any CPU.ActiveCfg = Debug|Any CPU
		{B5797AFA-FA20-4CF6-9B53-98C2F711CA12}.Debug|Any CPU.Build.0 = Debug|Any CPU
		{B5797AFA-FA20-4CF6-9B53-98C2F711CA12}.Release|Any CPU.ActiveCfg = Release|Any CPU
		{B5797AFA-FA20-4CF6-9B53-98C2F711CA12}.Release|Any CPU.Build.0 = Release|Any CPU
	EndGlobalSection
	GlobalSection(SolutionProperties) = preSolution
		HideSolutionNode = FALSE
	EndGlobalSection
	GlobalSection(ExtensibilityGlobals) = postSolution
		SolutionGuid = {F3E7E6F3-3247-40E3-BD1E-613CE25B0726}
	EndGlobalSection
EndGlobal
